PODS:
  - AudioKit (4.11.2):
    - AudioKit/Core (= 4.11.2)
    - AudioKit/UI (= 4.11.2)
  - AudioKit/Core (4.11.2)
  - AudioKit/UI (4.11.2):
    - AudioKit/Core
  - Flutter (1.0.0)
  - sound_generator (0.0.1):
    - AudioKit (< 5)
    - Flutter

DEPENDENCIES:
  - Flutter (from `Flutter`)
  - sound_generator (from `.symlinks/plugins/sound_generator/ios`)

SPEC REPOS:
  trunk:
    - AudioKit

EXTERNAL SOURCES:
  Flutter:
    :path: Flutter
  sound_generator:
    :path: ".symlinks/plugins/sound_generator/ios"

SPEC CHECKSUMS:
  AudioKit: 57cc61d708f085763a031e5c3f87adae21dc4b59
  Flutter: f04841e97a9d0b0a8025694d0796dd46242b2854
  sound_generator: 9dbd7c16f7023add0e875c150c6e64ed47a71b6a

PODFILE CHECKSUM: 0a1da3e36b82927f963e5c2f6f6ba6efed8794eb

COCOAPODS: 1.12.0
